{
  "name": "svelte-material-icons",
  "version": "2.0.0",
  "lockfileVersion": 2,
  "requires": true,
  "packages": {
    "": {
      "name": "svelte-material-icons",
      "version": "2.0.0",
      "license": "ISC",
      "peerDependencies": {
        "svelte": "^3"
      }
    },
    "node_modules/svelte": {
      "version": "3.46.4",
      "resolved": "https://registry.npmjs.org/svelte/-/svelte-3.46.4.tgz",
      "integrity": "sha512-qKJzw6DpA33CIa+C/rGp4AUdSfii0DOTCzj/2YpSKKayw5WGSS624Et9L1nU1k2OVRS9vaENQXp2CVZNU+xvIg==",
      "peer": true,
      "engines": {
        "node": ">= 8"
      }
    }
  },
  "dependencies": {
    "svelte": {
      "version": "3.46.4",
      "resolved": "https://registry.npmjs.org/svelte/-/svelte-3.46.4.tgz",
      "integrity": "sha512-qKJzw6DpA33CIa+C/rGp4AUdSfii0DOTCzj/2YpSKKayw5WGSS624Et9L1nU1k2OVRS9vaENQXp2CVZNU+xvIg==",
      "peer": true
    }
  }
}
